// !$*UTF8*$!
{
	archiveVersion = 1;
	classes = {
	};
	objectVersion = 54;
	objects = {

/* Begin PBXBuildFile section */
		572B4AB626EFE66B000D9410 /* Request.swift in Sources */ = {isa = PBXBuildFile; fileRef = 572B4AB526EFE66B000D9410 /* Request.swift */; };
		572B4AB826EFE863000D9410 /* RequestDispatcher.swift in Sources */ = {isa = PBXBuildFile; fileRef = 572B4AB726EFE863000D9410 /* RequestDispatcher.swift */; };
		572BE52F26F01319007F1AEF /* CharacterService.swift in Sources */ = {isa = PBXBuildFile; fileRef = 572BE52E26F01319007F1AEF /* CharacterService.swift */; };
		572BE53226FBC893007F1AEF /* HomeViewModel.swift in Sources */ = {isa = PBXBuildFile; fileRef = 572BE53126FBC893007F1AEF /* HomeViewModel.swift */; };
		574A3F5626FCDC8D00FC47CF /* View+Extension.swift in Sources */ = {isa = PBXBuildFile; fileRef = 574A3F5526FCDC8D00FC47CF /* View+Extension.swift */; };
		574A3F5826FD4A8A00FC47CF /* NavigationBarCustom.swift in Sources */ = {isa = PBXBuildFile; fileRef = 574A3F5726FD4A8A00FC47CF /* NavigationBarCustom.swift */; };
		574A3F5A26FE18FD00FC47CF /* ImageLoader.swift in Sources */ = {isa = PBXBuildFile; fileRef = 574A3F5926FE18FD00FC47CF /* ImageLoader.swift */; };
		574A3F5C26FE58B900FC47CF /* Environment.swift in Sources */ = {isa = PBXBuildFile; fileRef = 574A3F5B26FE58B900FC47CF /* Environment.swift */; };
		57539F4C26DD6E7300BFC63F /* RickCardsMortyApp.swift in Sources */ = {isa = PBXBuildFile; fileRef = 57539F4B26DD6E7300BFC63F /* RickCardsMortyApp.swift */; };
		57539F4E26DD6E7300BFC63F /* LoginView.swift in Sources */ = {isa = PBXBuildFile; fileRef = 57539F4D26DD6E7300BFC63F /* LoginView.swift */; };
		57539F5026DD6E7500BFC63F /* Assets.xcassets in Resources */ = {isa = PBXBuildFile; fileRef = 57539F4F26DD6E7500BFC63F /* Assets.xcassets */; };
		57539F5326DD6E7500BFC63F /* Preview Assets.xcassets in Resources */ = {isa = PBXBuildFile; fileRef = 57539F5226DD6E7500BFC63F /* Preview Assets.xcassets */; };
		57539F6926DD6E7500BFC63F /* RickCardsMortyUITests.swift in Sources */ = {isa = PBXBuildFile; fileRef = 57539F6826DD6E7500BFC63F /* RickCardsMortyUITests.swift */; };
		57539F7726DD717C00BFC63F /* GoogleService-Info.plist in Resources */ = {isa = PBXBuildFile; fileRef = 57539F7626DD717C00BFC63F /* GoogleService-Info.plist */; };
		5768F35226E037A300D35C07 /* ActivityIndicator.swift in Sources */ = {isa = PBXBuildFile; fileRef = 5768F35126E037A300D35C07 /* ActivityIndicator.swift */; };
		5768F35426E047C400D35C07 /* EntryView.swift in Sources */ = {isa = PBXBuildFile; fileRef = 5768F35326E047C400D35C07 /* EntryView.swift */; };
		578CAC7D26DD95D50062DA31 /* SignInButton.swift in Sources */ = {isa = PBXBuildFile; fileRef = 578CAC7C26DD95D50062DA31 /* SignInButton.swift */; };
		57E49540270B929A00BF3D16 /* CharacterDetail.swift in Sources */ = {isa = PBXBuildFile; fileRef = 57E4953F270B929A00BF3D16 /* CharacterDetail.swift */; };
		57E49542270B999900BF3D16 /* EpisodeRequest.swift in Sources */ = {isa = PBXBuildFile; fileRef = 57E49541270B999900BF3D16 /* EpisodeRequest.swift */; };
		57E49544270BA2E400BF3D16 /* CharacterDetailViewModel.swift in Sources */ = {isa = PBXBuildFile; fileRef = 57E49543270BA2E400BF3D16 /* CharacterDetailViewModel.swift */; };
		57E7091126EAC10F005243F1 /* HomeView.swift in Sources */ = {isa = PBXBuildFile; fileRef = 57E7091026EAC10F005243F1 /* HomeView.swift */; };
		57E7091326EAC23B005243F1 /* CharacterCardRow.swift in Sources */ = {isa = PBXBuildFile; fileRef = 57E7091226EAC23A005243F1 /* CharacterCardRow.swift */; };
		57E7091626EAC275005243F1 /* Character.swift in Sources */ = {isa = PBXBuildFile; fileRef = 57E7091526EAC275005243F1 /* Character.swift */; };
		AF0043272CB4697D00817EDB /* SwiftUIX in Frameworks */ = {isa = PBXBuildFile; productRef = AF0043262CB4697D00817EDB /* SwiftUIX */; };
		AF81A4852CB6C2A90088D96B /* AuthenticationManager.swift in Sources */ = {isa = PBXBuildFile; fileRef = AF81A4842CB6C2A90088D96B /* AuthenticationManager.swift */; };
		AF81A4872CB6DC6F0088D96B /* EntryViewFeature.swift in Sources */ = {isa = PBXBuildFile; fileRef = AF81A4862CB6DC6F0088D96B /* EntryViewFeature.swift */; };
		AFB16EB32CB46B5600C6E783 /* FirebaseAuth in Frameworks */ = {isa = PBXBuildFile; productRef = AFB16EB22CB46B5600C6E783 /* FirebaseAuth */; };
		AFB16EB52CB46B5600C6E783 /* FirebaseAuthCombine-Community in Frameworks */ = {isa = PBXBuildFile; productRef = AFB16EB42CB46B5600C6E783 /* FirebaseAuthCombine-Community */; };
		AFB16EB72CB46B5600C6E783 /* FirebaseCore in Frameworks */ = {isa = PBXBuildFile; productRef = AFB16EB62CB46B5600C6E783 /* FirebaseCore */; };
		AFB16EBB2CB46CA400C6E783 /* GoogleSignIn in Frameworks */ = {isa = PBXBuildFile; productRef = AFB16EBA2CB46CA400C6E783 /* GoogleSignIn */; };
		AFB16EBD2CB46CA400C6E783 /* GoogleSignInSwift in Frameworks */ = {isa = PBXBuildFile; productRef = AFB16EBC2CB46CA400C6E783 /* GoogleSignInSwift */; };
		AFE766B12CB4977900D3394F /* ComposableArchitecture in Frameworks */ = {isa = PBXBuildFile; productRef = AFE766B02CB4977900D3394F /* ComposableArchitecture */; };
		AFE766B52CB49D5E00D3394F /* LoginFeature.swift in Sources */ = {isa = PBXBuildFile; fileRef = AFE766B42CB49D5E00D3394F /* LoginFeature.swift */; };
		AFE766B92CB4A1BA00D3394F /* .swiftlint.yml in Resources */ = {isa = PBXBuildFile; fileRef = AFE766B82CB4A1BA00D3394F /* .swiftlint.yml */; };
/* End PBXBuildFile section */

/* Begin PBXContainerItemProxy section */
		57539F5A26DD6E7500BFC63F /* PBXContainerItemProxy */ = {
			isa = PBXContainerItemProxy;
			containerPortal = 57539F4026DD6E7300BFC63F /* Project object */;
			proxyType = 1;
			remoteGlobalIDString = 57539F4726DD6E7300BFC63F;
			remoteInfo = RickCardsMorty;
		};
		57539F6526DD6E7500BFC63F /* PBXContainerItemProxy */ = {
			isa = PBXContainerItemProxy;
			containerPortal = 57539F4026DD6E7300BFC63F /* Project object */;
			proxyType = 1;
			remoteGlobalIDString = 57539F4726DD6E7300BFC63F;
			remoteInfo = RickCardsMorty;
		};
/* End PBXContainerItemProxy section */

/* Begin PBXFileReference section */
		572B4AB526EFE66B000D9410 /* Request.swift */ = {isa = PBXFileReference; lastKnownFileType = sourcecode.swift; path = Request.swift; sourceTree = "<group>"; };
		572B4AB726EFE863000D9410 /* RequestDispatcher.swift */ = {isa = PBXFileReference; lastKnownFileType = sourcecode.swift; path = RequestDispatcher.swift; sourceTree = "<group>"; };
		572BE52E26F01319007F1AEF /* CharacterService.swift */ = {isa = PBXFileReference; lastKnownFileType = sourcecode.swift; path = CharacterService.swift; sourceTree = "<group>"; };
		572BE53126FBC893007F1AEF /* HomeViewModel.swift */ = {isa = PBXFileReference; lastKnownFileType = sourcecode.swift; path = HomeViewModel.swift; sourceTree = "<group>"; };
		574A3F5526FCDC8D00FC47CF /* View+Extension.swift */ = {isa = PBXFileReference; lastKnownFileType = sourcecode.swift; path = "View+Extension.swift"; sourceTree = "<group>"; };
		574A3F5726FD4A8A00FC47CF /* NavigationBarCustom.swift */ = {isa = PBXFileReference; lastKnownFileType = sourcecode.swift; path = NavigationBarCustom.swift; sourceTree = "<group>"; };
		574A3F5926FE18FD00FC47CF /* ImageLoader.swift */ = {isa = PBXFileReference; lastKnownFileType = sourcecode.swift; path = ImageLoader.swift; sourceTree = "<group>"; };
		574A3F5B26FE58B900FC47CF /* Environment.swift */ = {isa = PBXFileReference; lastKnownFileType = sourcecode.swift; path = Environment.swift; sourceTree = "<group>"; };
		57539F4826DD6E7300BFC63F /* RickCardsMorty.app */ = {isa = PBXFileReference; explicitFileType = wrapper.application; includeInIndex = 0; path = RickCardsMorty.app; sourceTree = BUILT_PRODUCTS_DIR; };
		57539F4B26DD6E7300BFC63F /* RickCardsMortyApp.swift */ = {isa = PBXFileReference; lastKnownFileType = sourcecode.swift; path = RickCardsMortyApp.swift; sourceTree = "<group>"; };
		57539F4D26DD6E7300BFC63F /* LoginView.swift */ = {isa = PBXFileReference; lastKnownFileType = sourcecode.swift; path = LoginView.swift; sourceTree = "<group>"; };
		57539F4F26DD6E7500BFC63F /* Assets.xcassets */ = {isa = PBXFileReference; lastKnownFileType = folder.assetcatalog; path = Assets.xcassets; sourceTree = "<group>"; };
		57539F5226DD6E7500BFC63F /* Preview Assets.xcassets */ = {isa = PBXFileReference; lastKnownFileType = folder.assetcatalog; path = "Preview Assets.xcassets"; sourceTree = "<group>"; };
		57539F5426DD6E7500BFC63F /* Info.plist */ = {isa = PBXFileReference; lastKnownFileType = text.plist.xml; path = Info.plist; sourceTree = "<group>"; };
		57539F5926DD6E7500BFC63F /* RickCardsMortyTests.xctest */ = {isa = PBXFileReference; explicitFileType = wrapper.cfbundle; includeInIndex = 0; path = RickCardsMortyTests.xctest; sourceTree = BUILT_PRODUCTS_DIR; };
		57539F5D26DD6E7500BFC63F /* RickCardsMortyTests.swift */ = {isa = PBXFileReference; lastKnownFileType = sourcecode.swift; path = RickCardsMortyTests.swift; sourceTree = "<group>"; };
		57539F5F26DD6E7500BFC63F /* Info.plist */ = {isa = PBXFileReference; lastKnownFileType = text.plist.xml; path = Info.plist; sourceTree = "<group>"; };
		57539F6426DD6E7500BFC63F /* RickCardsMortyUITests.xctest */ = {isa = PBXFileReference; explicitFileType = wrapper.cfbundle; includeInIndex = 0; path = RickCardsMortyUITests.xctest; sourceTree = BUILT_PRODUCTS_DIR; };
		57539F6826DD6E7500BFC63F /* RickCardsMortyUITests.swift */ = {isa = PBXFileReference; lastKnownFileType = sourcecode.swift; path = RickCardsMortyUITests.swift; sourceTree = "<group>"; };
		57539F6A26DD6E7500BFC63F /* Info.plist */ = {isa = PBXFileReference; lastKnownFileType = text.plist.xml; path = Info.plist; sourceTree = "<group>"; };
		57539F7626DD717C00BFC63F /* GoogleService-Info.plist */ = {isa = PBXFileReference; fileEncoding = 4; lastKnownFileType = text.plist.xml; name = "GoogleService-Info.plist"; path = "RickCardsMorty/GoogleService-Info.plist"; sourceTree = "<group>"; };
		5768F35126E037A300D35C07 /* ActivityIndicator.swift */ = {isa = PBXFileReference; lastKnownFileType = sourcecode.swift; path = ActivityIndicator.swift; sourceTree = "<group>"; };
		5768F35326E047C400D35C07 /* EntryView.swift */ = {isa = PBXFileReference; lastKnownFileType = sourcecode.swift; path = EntryView.swift; sourceTree = "<group>"; };
		578CAC7C26DD95D50062DA31 /* SignInButton.swift */ = {isa = PBXFileReference; lastKnownFileType = sourcecode.swift; path = SignInButton.swift; sourceTree = "<group>"; };
		57E4953F270B929A00BF3D16 /* CharacterDetail.swift */ = {isa = PBXFileReference; lastKnownFileType = sourcecode.swift; path = CharacterDetail.swift; sourceTree = "<group>"; };
		57E49541270B999900BF3D16 /* EpisodeRequest.swift */ = {isa = PBXFileReference; lastKnownFileType = sourcecode.swift; path = EpisodeRequest.swift; sourceTree = "<group>"; };
		57E49543270BA2E400BF3D16 /* CharacterDetailViewModel.swift */ = {isa = PBXFileReference; lastKnownFileType = sourcecode.swift; path = CharacterDetailViewModel.swift; sourceTree = "<group>"; };
		57E7091026EAC10F005243F1 /* HomeView.swift */ = {isa = PBXFileReference; lastKnownFileType = sourcecode.swift; path = HomeView.swift; sourceTree = "<group>"; };
		57E7091226EAC23A005243F1 /* CharacterCardRow.swift */ = {isa = PBXFileReference; lastKnownFileType = sourcecode.swift; path = CharacterCardRow.swift; sourceTree = "<group>"; };
		57E7091526EAC275005243F1 /* Character.swift */ = {isa = PBXFileReference; lastKnownFileType = sourcecode.swift; path = Character.swift; sourceTree = "<group>"; };
		57E7091826EAC723005243F1 /* TestPlayground.playground */ = {isa = PBXFileReference; lastKnownFileType = file.playground; path = TestPlayground.playground; sourceTree = "<group>"; xcLanguageSpecificationIdentifier = xcode.lang.swift; };
		AF81A4842CB6C2A90088D96B /* AuthenticationManager.swift */ = {isa = PBXFileReference; lastKnownFileType = sourcecode.swift; path = AuthenticationManager.swift; sourceTree = "<group>"; };
		AF81A4862CB6DC6F0088D96B /* EntryViewFeature.swift */ = {isa = PBXFileReference; lastKnownFileType = sourcecode.swift; path = EntryViewFeature.swift; sourceTree = "<group>"; };
		AFE766B42CB49D5E00D3394F /* LoginFeature.swift */ = {isa = PBXFileReference; lastKnownFileType = sourcecode.swift; path = LoginFeature.swift; sourceTree = "<group>"; };
		AFE766B82CB4A1BA00D3394F /* .swiftlint.yml */ = {isa = PBXFileReference; fileEncoding = 4; lastKnownFileType = text.yaml; path = .swiftlint.yml; sourceTree = "<group>"; };
/* End PBXFileReference section */

/* Begin PBXFrameworksBuildPhase section */
		57539F4526DD6E7300BFC63F /* Frameworks */ = {
			isa = PBXFrameworksBuildPhase;
			buildActionMask = 2147483647;
			files = (
				AFB16EBB2CB46CA400C6E783 /* GoogleSignIn in Frameworks */,
				AF0043272CB4697D00817EDB /* SwiftUIX in Frameworks */,
				AFE766B12CB4977900D3394F /* ComposableArchitecture in Frameworks */,
				AFB16EB52CB46B5600C6E783 /* FirebaseAuthCombine-Community in Frameworks */,
				AFB16EBD2CB46CA400C6E783 /* GoogleSignInSwift in Frameworks */,
				AFB16EB72CB46B5600C6E783 /* FirebaseCore in Frameworks */,
				AFB16EB32CB46B5600C6E783 /* FirebaseAuth in Frameworks */,
			);
			runOnlyForDeploymentPostprocessing = 0;
		};
		57539F5626DD6E7500BFC63F /* Frameworks */ = {
			isa = PBXFrameworksBuildPhase;
			buildActionMask = 2147483647;
			files = (
			);
			runOnlyForDeploymentPostprocessing = 0;
		};
		57539F6126DD6E7500BFC63F /* Frameworks */ = {
			isa = PBXFrameworksBuildPhase;
			buildActionMask = 2147483647;
			files = (
			);
			runOnlyForDeploymentPostprocessing = 0;
		};
/* End PBXFrameworksBuildPhase section */

/* Begin PBXGroup section */
		572B4AB326EFE639000D9410 /* Networking */ = {
			isa = PBXGroup;
			children = (
				572B4AB526EFE66B000D9410 /* Request.swift */,
				572B4AB726EFE863000D9410 /* RequestDispatcher.swift */,
			);
			path = Networking;
			sourceTree = "<group>";
		};
		572BE52D26F01278007F1AEF /* Service */ = {
			isa = PBXGroup;
			children = (
				572BE52E26F01319007F1AEF /* CharacterService.swift */,
				57E49541270B999900BF3D16 /* EpisodeRequest.swift */,
				AF81A4842CB6C2A90088D96B /* AuthenticationManager.swift */,
			);
			path = Service;
			sourceTree = "<group>";
		};
		572BE53026FBC87C007F1AEF /* ViewModel */ = {
			isa = PBXGroup;
			children = (
				572BE53126FBC893007F1AEF /* HomeViewModel.swift */,
				57E49543270BA2E400BF3D16 /* CharacterDetailViewModel.swift */,
			);
			path = ViewModel;
			sourceTree = "<group>";
		};
		57539F3F26DD6E7300BFC63F = {
			isa = PBXGroup;
			children = (
				AFE766B82CB4A1BA00D3394F /* .swiftlint.yml */,
				57539F7626DD717C00BFC63F /* GoogleService-Info.plist */,
				57539F4A26DD6E7300BFC63F /* RickCardsMorty */,
				57539F5C26DD6E7500BFC63F /* RickCardsMortyTests */,
				57539F6726DD6E7500BFC63F /* RickCardsMortyUITests */,
				57539F4926DD6E7300BFC63F /* Products */,
				AFB16EB92CB46CA400C6E783 /* Frameworks */,
			);
			sourceTree = "<group>";
		};
		57539F4926DD6E7300BFC63F /* Products */ = {
			isa = PBXGroup;
			children = (
				57539F4826DD6E7300BFC63F /* RickCardsMorty.app */,
				57539F5926DD6E7500BFC63F /* RickCardsMortyTests.xctest */,
				57539F6426DD6E7500BFC63F /* RickCardsMortyUITests.xctest */,
			);
			name = Products;
			sourceTree = "<group>";
		};
		57539F4A26DD6E7300BFC63F /* RickCardsMorty */ = {
			isa = PBXGroup;
			children = (
				572BE52D26F01278007F1AEF /* Service */,
				572B4AB326EFE639000D9410 /* Networking */,
				57E7090D26EAC0CF005243F1 /* Home */,
				578CAC7B26DD95B70062DA31 /* Login */,
				5768F35026E0378C00D35C07 /* Utils */,
				57539F4B26DD6E7300BFC63F /* RickCardsMortyApp.swift */,
				AF81A4862CB6DC6F0088D96B /* EntryViewFeature.swift */,
				5768F35326E047C400D35C07 /* EntryView.swift */,
				57539F4F26DD6E7500BFC63F /* Assets.xcassets */,
				57539F5426DD6E7500BFC63F /* Info.plist */,
				57539F5126DD6E7500BFC63F /* Preview Content */,
			);
			path = RickCardsMorty;
			sourceTree = "<group>";
		};
		57539F5126DD6E7500BFC63F /* Preview Content */ = {
			isa = PBXGroup;
			children = (
				57539F5226DD6E7500BFC63F /* Preview Assets.xcassets */,
			);
			path = "Preview Content";
			sourceTree = "<group>";
		};
		57539F5C26DD6E7500BFC63F /* RickCardsMortyTests */ = {
			isa = PBXGroup;
			children = (
				57539F5F26DD6E7500BFC63F /* Info.plist */,
				57539F5D26DD6E7500BFC63F /* RickCardsMortyTests.swift */,
			);
			path = RickCardsMortyTests;
			sourceTree = "<group>";
		};
		57539F6726DD6E7500BFC63F /* RickCardsMortyUITests */ = {
			isa = PBXGroup;
			children = (
				57539F6826DD6E7500BFC63F /* RickCardsMortyUITests.swift */,
				57539F6A26DD6E7500BFC63F /* Info.plist */,
			);
			path = RickCardsMortyUITests;
			sourceTree = "<group>";
		};
		5768F35026E0378C00D35C07 /* Utils */ = {
			isa = PBXGroup;
			children = (
				57E7091826EAC723005243F1 /* TestPlayground.playground */,
				5768F35126E037A300D35C07 /* ActivityIndicator.swift */,
				574A3F5526FCDC8D00FC47CF /* View+Extension.swift */,
				574A3F5726FD4A8A00FC47CF /* NavigationBarCustom.swift */,
				574A3F5926FE18FD00FC47CF /* ImageLoader.swift */,
				574A3F5B26FE58B900FC47CF /* Environment.swift */,
			);
			path = Utils;
			sourceTree = "<group>";
		};
		578CAC7B26DD95B70062DA31 /* Login */ = {
			isa = PBXGroup;
			children = (
				57E7090E26EAC0E1005243F1 /* View */,
				578CAC7E26DDAB080062DA31 /* ViewModel */,
			);
			path = Login;
			sourceTree = "<group>";
		};
		578CAC7E26DDAB080062DA31 /* ViewModel */ = {
			isa = PBXGroup;
			children = (
			);
			path = ViewModel;
			sourceTree = "<group>";
		};
		57E7090D26EAC0CF005243F1 /* Home */ = {
			isa = PBXGroup;
			children = (
				572BE53026FBC87C007F1AEF /* ViewModel */,
				57E7091426EAC244005243F1 /* Model */,
				57E7090F26EAC0FC005243F1 /* View */,
			);
			path = Home;
			sourceTree = "<group>";
		};
		57E7090E26EAC0E1005243F1 /* View */ = {
			isa = PBXGroup;
			children = (
				57539F4D26DD6E7300BFC63F /* LoginView.swift */,
				578CAC7C26DD95D50062DA31 /* SignInButton.swift */,
				AFE766B42CB49D5E00D3394F /* LoginFeature.swift */,
			);
			path = View;
			sourceTree = "<group>";
		};
		57E7090F26EAC0FC005243F1 /* View */ = {
			isa = PBXGroup;
			children = (
				57E7091026EAC10F005243F1 /* HomeView.swift */,
				57E7091226EAC23A005243F1 /* CharacterCardRow.swift */,
				57E4953F270B929A00BF3D16 /* CharacterDetail.swift */,
			);
			path = View;
			sourceTree = "<group>";
		};
		57E7091426EAC244005243F1 /* Model */ = {
			isa = PBXGroup;
			children = (
				57E7091526EAC275005243F1 /* Character.swift */,
			);
			path = Model;
			sourceTree = "<group>";
		};
		AFB16EB92CB46CA400C6E783 /* Frameworks */ = {
			isa = PBXGroup;
			children = (
			);
			name = Frameworks;
			sourceTree = "<group>";
		};
/* End PBXGroup section */

/* Begin PBXNativeTarget section */
		57539F4726DD6E7300BFC63F /* RickCardsMorty */ = {
			isa = PBXNativeTarget;
			buildConfigurationList = 57539F6D26DD6E7500BFC63F /* Build configuration list for PBXNativeTarget "RickCardsMorty" */;
			buildPhases = (
				57539F4426DD6E7300BFC63F /* Sources */,
				57539F4526DD6E7300BFC63F /* Frameworks */,
				57539F4626DD6E7300BFC63F /* Resources */,
				AFE766B32CB4995000D3394F /* SwiftLint */,
			);
			buildRules = (
			);
			dependencies = (
				AFE766B72CB49E7A00D3394F /* PBXTargetDependency */,
			);
			name = RickCardsMorty;
			packageProductDependencies = (
				AF0043262CB4697D00817EDB /* SwiftUIX */,
				AFB16EB22CB46B5600C6E783 /* FirebaseAuth */,
				AFB16EB42CB46B5600C6E783 /* FirebaseAuthCombine-Community */,
				AFB16EB62CB46B5600C6E783 /* FirebaseCore */,
				AFB16EBA2CB46CA400C6E783 /* GoogleSignIn */,
				AFB16EBC2CB46CA400C6E783 /* GoogleSignInSwift */,
				AFE766B02CB4977900D3394F /* ComposableArchitecture */,
			);
			productName = RickCardsMorty;
			productReference = 57539F4826DD6E7300BFC63F /* RickCardsMorty.app */;
			productType = "com.apple.product-type.application";
		};
		57539F5826DD6E7500BFC63F /* RickCardsMortyTests */ = {
			isa = PBXNativeTarget;
			buildConfigurationList = 57539F7026DD6E7500BFC63F /* Build configuration list for PBXNativeTarget "RickCardsMortyTests" */;
			buildPhases = (
				57539F5526DD6E7500BFC63F /* Sources */,
				57539F5626DD6E7500BFC63F /* Frameworks */,
				57539F5726DD6E7500BFC63F /* Resources */,
			);
			buildRules = (
			);
			dependencies = (
				57539F5B26DD6E7500BFC63F /* PBXTargetDependency */,
			);
			name = RickCardsMortyTests;
			productName = RickCardsMortyTests;
			productReference = 57539F5926DD6E7500BFC63F /* RickCardsMortyTests.xctest */;
			productType = "com.apple.product-type.bundle.unit-test";
		};
		57539F6326DD6E7500BFC63F /* RickCardsMortyUITests */ = {
			isa = PBXNativeTarget;
			buildConfigurationList = 57539F7326DD6E7500BFC63F /* Build configuration list for PBXNativeTarget "RickCardsMortyUITests" */;
			buildPhases = (
				57539F6026DD6E7500BFC63F /* Sources */,
				57539F6126DD6E7500BFC63F /* Frameworks */,
				57539F6226DD6E7500BFC63F /* Resources */,
			);
			buildRules = (
			);
			dependencies = (
				57539F6626DD6E7500BFC63F /* PBXTargetDependency */,
			);
			name = RickCardsMortyUITests;
			productName = RickCardsMortyUITests;
			productReference = 57539F6426DD6E7500BFC63F /* RickCardsMortyUITests.xctest */;
			productType = "com.apple.product-type.bundle.ui-testing";
		};
/* End PBXNativeTarget section */

/* Begin PBXProject section */
		57539F4026DD6E7300BFC63F /* Project object */ = {
			isa = PBXProject;
			attributes = {
				BuildIndependentTargetsInParallel = YES;
				LastSwiftUpdateCheck = 1250;
				LastUpgradeCheck = 1540;
				TargetAttributes = {
					57539F4726DD6E7300BFC63F = {
						CreatedOnToolsVersion = 12.5.1;
					};
					57539F5826DD6E7500BFC63F = {
						CreatedOnToolsVersion = 12.5.1;
						TestTargetID = 57539F4726DD6E7300BFC63F;
					};
					57539F6326DD6E7500BFC63F = {
						CreatedOnToolsVersion = 12.5.1;
						TestTargetID = 57539F4726DD6E7300BFC63F;
					};
				};
			};
			buildConfigurationList = 57539F4326DD6E7300BFC63F /* Build configuration list for PBXProject "RickCardsMorty" */;
			compatibilityVersion = "Xcode 9.3";
			developmentRegion = en;
			hasScannedForEncodings = 0;
			knownRegions = (
				en,
				Base,
			);
			mainGroup = 57539F3F26DD6E7300BFC63F;
			packageReferences = (
				574A3F5F26FE7C5800FC47CF /* XCRemoteSwiftPackageReference "SwiftUIX" */,
				AFB16EB12CB46B5600C6E783 /* XCRemoteSwiftPackageReference "firebase-ios-sdk" */,
				AFB16EB82CB46C6D00C6E783 /* XCRemoteSwiftPackageReference "GoogleSignIn-iOS" */,
				AFE766AF2CB4977900D3394F /* XCRemoteSwiftPackageReference "swift-composable-architecture" */,
				AFE766B22CB498F500D3394F /* XCRemoteSwiftPackageReference "SwiftLintPlugins" */,
			);
			productRefGroup = 57539F4926DD6E7300BFC63F /* Products */;
			projectDirPath = "";
			projectRoot = "";
			targets = (
				57539F4726DD6E7300BFC63F /* RickCardsMorty */,
				57539F5826DD6E7500BFC63F /* RickCardsMortyTests */,
				57539F6326DD6E7500BFC63F /* RickCardsMortyUITests */,
			);
		};
/* End PBXProject section */

/* Begin PBXResourcesBuildPhase section */
		57539F4626DD6E7300BFC63F /* Resources */ = {
			isa = PBXResourcesBuildPhase;
			buildActionMask = 2147483647;
			files = (
				AFE766B92CB4A1BA00D3394F /* .swiftlint.yml in Resources */,
				57539F5326DD6E7500BFC63F /* Preview Assets.xcassets in Resources */,
				57539F5026DD6E7500BFC63F /* Assets.xcassets in Resources */,
				57539F7726DD717C00BFC63F /* GoogleService-Info.plist in Resources */,
			);
			runOnlyForDeploymentPostprocessing = 0;
		};
		57539F5726DD6E7500BFC63F /* Resources */ = {
			isa = PBXResourcesBuildPhase;
			buildActionMask = 2147483647;
			files = (
			);
			runOnlyForDeploymentPostprocessing = 0;
		};
		57539F6226DD6E7500BFC63F /* Resources */ = {
			isa = PBXResourcesBuildPhase;
			buildActionMask = 2147483647;
			files = (
			);
			runOnlyForDeploymentPostprocessing = 0;
		};
/* End PBXResourcesBuildPhase section */

/* Begin PBXShellScriptBuildPhase section */
		AFE766B32CB4995000D3394F /* SwiftLint */ = {
			isa = PBXShellScriptBuildPhase;
			alwaysOutOfDate = 1;
			buildActionMask = 2147483647;
			files = (
			);
			inputFileListPaths = (
			);
			inputPaths = (
			);
			name = SwiftLint;
			outputFileListPaths = (
			);
			outputPaths = (
			);
			runOnlyForDeploymentPostprocessing = 0;
			shellPath = /bin/sh;
			shellScript = "if command -v swiftlint >/dev/null 2>&1\nthen\n    swiftlint\nelse\n    echo \"warning: `swiftlint` command not found - See https://github.com/realm/SwiftLint#installation for installation instructions.\"\nfi\n";
		};
/* End PBXShellScriptBuildPhase section */

/* Begin PBXSourcesBuildPhase section */
		57539F4426DD6E7300BFC63F /* Sources */ = {
			isa = PBXSourcesBuildPhase;
			buildActionMask = 2147483647;
			files = (
				57E49540270B929A00BF3D16 /* CharacterDetail.swift in Sources */,
				57E7091626EAC275005243F1 /* Character.swift in Sources */,
				57E7091126EAC10F005243F1 /* HomeView.swift in Sources */,
				57E7091326EAC23B005243F1 /* CharacterCardRow.swift in Sources */,
				5768F35226E037A300D35C07 /* ActivityIndicator.swift in Sources */,
				57539F4E26DD6E7300BFC63F /* LoginView.swift in Sources */,
				574A3F5A26FE18FD00FC47CF /* ImageLoader.swift in Sources */,
				57539F4C26DD6E7300BFC63F /* RickCardsMortyApp.swift in Sources */,
				572B4AB626EFE66B000D9410 /* Request.swift in Sources */,
				AF81A4852CB6C2A90088D96B /* AuthenticationManager.swift in Sources */,
				572BE53226FBC893007F1AEF /* HomeViewModel.swift in Sources */,
				578CAC7D26DD95D50062DA31 /* SignInButton.swift in Sources */,
				572B4AB826EFE863000D9410 /* RequestDispatcher.swift in Sources */,
				572BE52F26F01319007F1AEF /* CharacterService.swift in Sources */,
				574A3F5626FCDC8D00FC47CF /* View+Extension.swift in Sources */,
				574A3F5826FD4A8A00FC47CF /* NavigationBarCustom.swift in Sources */,
				5768F35426E047C400D35C07 /* EntryView.swift in Sources */,
				57E49544270BA2E400BF3D16 /* CharacterDetailViewModel.swift in Sources */,
				57E49542270B999900BF3D16 /* EpisodeRequest.swift in Sources */,
				574A3F5C26FE58B900FC47CF /* Environment.swift in Sources */,
				AF81A4872CB6DC6F0088D96B /* EntryViewFeature.swift in Sources */,
				AFE766B52CB49D5E00D3394F /* LoginFeature.swift in Sources */,
			);
			runOnlyForDeploymentPostprocessing = 0;
		};
		57539F5526DD6E7500BFC63F /* Sources */ = {
			isa = PBXSourcesBuildPhase;
			buildActionMask = 2147483647;
			files = (
			);
			runOnlyForDeploymentPostprocessing = 0;
		};
		57539F6026DD6E7500BFC63F /* Sources */ = {
			isa = PBXSourcesBuildPhase;
			buildActionMask = 2147483647;
			files = (
				57539F6926DD6E7500BFC63F /* RickCardsMortyUITests.swift in Sources */,
			);
			runOnlyForDeploymentPostprocessing = 0;
		};
/* End PBXSourcesBuildPhase section */

/* Begin PBXTargetDependency section */
		57539F5B26DD6E7500BFC63F /* PBXTargetDependency */ = {
			isa = PBXTargetDependency;
			target = 57539F4726DD6E7300BFC63F /* RickCardsMorty */;
			targetProxy = 57539F5A26DD6E7500BFC63F /* PBXContainerItemProxy */;
		};
		57539F6626DD6E7500BFC63F /* PBXTargetDependency */ = {
			isa = PBXTargetDependency;
			target = 57539F4726DD6E7300BFC63F /* RickCardsMorty */;
			targetProxy = 57539F6526DD6E7500BFC63F /* PBXContainerItemProxy */;
		};
		AFE766B72CB49E7A00D3394F /* PBXTargetDependency */ = {
			isa = PBXTargetDependency;
			productRef = AFE766B62CB49E7A00D3394F /* SwiftLintBuildToolPlugin */;
		};
/* End PBXTargetDependency section */

/* Begin XCBuildConfiguration section */
		57539F6B26DD6E7500BFC63F /* Debug */ = {
			isa = XCBuildConfiguration;
			buildSettings = {
				ALWAYS_SEARCH_USER_PATHS = NO;
				CLANG_ANALYZER_NONNULL = YES;
				CLANG_ANALYZER_NUMBER_OBJECT_CONVERSION = YES_AGGRESSIVE;
				CLANG_CXX_LANGUAGE_STANDARD = "gnu++14";
				CLANG_CXX_LIBRARY = "libc++";
				CLANG_ENABLE_MODULES = YES;
				CLANG_ENABLE_OBJC_ARC = YES;
				CLANG_ENABLE_OBJC_WEAK = YES;
				CLANG_WARN_BLOCK_CAPTURE_AUTORELEASING = YES;
				CLANG_WARN_BOOL_CONVERSION = YES;
				CLANG_WARN_COMMA = YES;
				CLANG_WARN_CONSTANT_CONVERSION = YES;
				CLANG_WARN_DEPRECATED_OBJC_IMPLEMENTATIONS = YES;
				CLANG_WARN_DIRECT_OBJC_ISA_USAGE = YES_ERROR;
				CLANG_WARN_DOCUMENTATION_COMMENTS = YES;
				CLANG_WARN_EMPTY_BODY = YES;
				CLANG_WARN_ENUM_CONVERSION = YES;
				CLANG_WARN_INFINITE_RECURSION = YES;
				CLANG_WARN_INT_CONVERSION = YES;
				CLANG_WARN_NON_LITERAL_NULL_CONVERSION = YES;
				CLANG_WARN_OBJC_IMPLICIT_RETAIN_SELF = YES;
				CLANG_WARN_OBJC_LITERAL_CONVERSION = YES;
				CLANG_WARN_OBJC_ROOT_CLASS = YES_ERROR;
				CLANG_WARN_QUOTED_INCLUDE_IN_FRAMEWORK_HEADER = YES;
				CLANG_WARN_RANGE_LOOP_ANALYSIS = YES;
				CLANG_WARN_STRICT_PROTOTYPES = YES;
				CLANG_WARN_SUSPICIOUS_MOVE = YES;
				CLANG_WARN_UNGUARDED_AVAILABILITY = YES_AGGRESSIVE;
				CLANG_WARN_UNREACHABLE_CODE = YES;
				CLANG_WARN__DUPLICATE_METHOD_MATCH = YES;
				COPY_PHASE_STRIP = NO;
				DEBUG_INFORMATION_FORMAT = dwarf;
				ENABLE_STRICT_OBJC_MSGSEND = YES;
				ENABLE_TESTABILITY = YES;
				ENABLE_USER_SCRIPT_SANDBOXING = YES;
				GCC_C_LANGUAGE_STANDARD = gnu11;
				GCC_DYNAMIC_NO_PIC = NO;
				GCC_NO_COMMON_BLOCKS = YES;
				GCC_OPTIMIZATION_LEVEL = 0;
				GCC_PREPROCESSOR_DEFINITIONS = (
					"DEBUG=1",
					"$(inherited)",
				);
				GCC_WARN_64_TO_32_BIT_CONVERSION = YES;
				GCC_WARN_ABOUT_RETURN_TYPE = YES_ERROR;
				GCC_WARN_UNDECLARED_SELECTOR = YES;
				GCC_WARN_UNINITIALIZED_AUTOS = YES_AGGRESSIVE;
				GCC_WARN_UNUSED_FUNCTION = YES;
				GCC_WARN_UNUSED_VARIABLE = YES;
				IPHONEOS_DEPLOYMENT_TARGET = 14.5;
				MTL_ENABLE_DEBUG_INFO = INCLUDE_SOURCE;
				MTL_FAST_MATH = YES;
				ONLY_ACTIVE_ARCH = YES;
				SDKROOT = iphoneos;
				SWIFT_ACTIVE_COMPILATION_CONDITIONS = DEBUG;
				SWIFT_OPTIMIZATION_LEVEL = "-Onone";
			};
			name = Debug;
		};
		57539F6C26DD6E7500BFC63F /* Release */ = {
			isa = XCBuildConfiguration;
			buildSettings = {
				ALWAYS_SEARCH_USER_PATHS = NO;
				CLANG_ANALYZER_NONNULL = YES;
				CLANG_ANALYZER_NUMBER_OBJECT_CONVERSION = YES_AGGRESSIVE;
				CLANG_CXX_LANGUAGE_STANDARD = "gnu++14";
				CLANG_CXX_LIBRARY = "libc++";
				CLANG_ENABLE_MODULES = YES;
				CLANG_ENABLE_OBJC_ARC = YES;
				CLANG_ENABLE_OBJC_WEAK = YES;
				CLANG_WARN_BLOCK_CAPTURE_AUTORELEASING = YES;
				CLANG_WARN_BOOL_CONVERSION = YES;
				CLANG_WARN_COMMA = YES;
				CLANG_WARN_CONSTANT_CONVERSION = YES;
				CLANG_WARN_DEPRECATED_OBJC_IMPLEMENTATIONS = YES;
				CLANG_WARN_DIRECT_OBJC_ISA_USAGE = YES_ERROR;
				CLANG_WARN_DOCUMENTATION_COMMENTS = YES;
				CLANG_WARN_EMPTY_BODY = YES;
				CLANG_WARN_ENUM_CONVERSION = YES;
				CLANG_WARN_INFINITE_RECURSION = YES;
				CLANG_WARN_INT_CONVERSION = YES;
				CLANG_WARN_NON_LITERAL_NULL_CONVERSION = YES;
				CLANG_WARN_OBJC_IMPLICIT_RETAIN_SELF = YES;
				CLANG_WARN_OBJC_LITERAL_CONVERSION = YES;
				CLANG_WARN_OBJC_ROOT_CLASS = YES_ERROR;
				CLANG_WARN_QUOTED_INCLUDE_IN_FRAMEWORK_HEADER = YES;
				CLANG_WARN_RANGE_LOOP_ANALYSIS = YES;
				CLANG_WARN_STRICT_PROTOTYPES = YES;
				CLANG_WARN_SUSPICIOUS_MOVE = YES;
				CLANG_WARN_UNGUARDED_AVAILABILITY = YES_AGGRESSIVE;
				CLANG_WARN_UNREACHABLE_CODE = YES;
				CLANG_WARN__DUPLICATE_METHOD_MATCH = YES;
				COPY_PHASE_STRIP = NO;
				DEBUG_INFORMATION_FORMAT = "dwarf-with-dsym";
				ENABLE_NS_ASSERTIONS = NO;
				ENABLE_STRICT_OBJC_MSGSEND = YES;
				ENABLE_USER_SCRIPT_SANDBOXING = YES;
				GCC_C_LANGUAGE_STANDARD = gnu11;
				GCC_NO_COMMON_BLOCKS = YES;
				GCC_WARN_64_TO_32_BIT_CONVERSION = YES;
				GCC_WARN_ABOUT_RETURN_TYPE = YES_ERROR;
				GCC_WARN_UNDECLARED_SELECTOR = YES;
				GCC_WARN_UNINITIALIZED_AUTOS = YES_AGGRESSIVE;
				GCC_WARN_UNUSED_FUNCTION = YES;
				GCC_WARN_UNUSED_VARIABLE = YES;
				IPHONEOS_DEPLOYMENT_TARGET = 14.5;
				MTL_ENABLE_DEBUG_INFO = NO;
				MTL_FAST_MATH = YES;
				SDKROOT = iphoneos;
				SWIFT_COMPILATION_MODE = wholemodule;
				SWIFT_OPTIMIZATION_LEVEL = "-O";
				VALIDATE_PRODUCT = YES;
			};
			name = Release;
		};
		57539F6E26DD6E7500BFC63F /* Debug */ = {
			isa = XCBuildConfiguration;
			buildSettings = {
				ASSETCATALOG_COMPILER_APPICON_NAME = AppIcon;
				ASSETCATALOG_COMPILER_GLOBAL_ACCENT_COLOR_NAME = AccentColor;
				CODE_SIGN_STYLE = Automatic;
				DEVELOPMENT_ASSET_PATHS = "\"RickCardsMorty/Preview Content\"";
				DEVELOPMENT_TEAM = DL8VWTN77Q;
				ENABLE_PREVIEWS = YES;
				INFOPLIST_FILE = RickCardsMorty/Info.plist;
				IPHONEOS_DEPLOYMENT_TARGET = 14.0;
				LD_RUNPATH_SEARCH_PATHS = (
					"$(inherited)",
					"@executable_path/Frameworks",
				);
				PRODUCT_BUNDLE_IDENTIFIER = com.sennin.dev.RickCardsMorty.RickCardsMorty;
				PRODUCT_NAME = "$(TARGET_NAME)";
				SWIFT_VERSION = 5.0;
				TARGETED_DEVICE_FAMILY = 1;
			};
			name = Debug;
		};
		57539F6F26DD6E7500BFC63F /* Release */ = {
			isa = XCBuildConfiguration;
			buildSettings = {
				ASSETCATALOG_COMPILER_APPICON_NAME = AppIcon;
				ASSETCATALOG_COMPILER_GLOBAL_ACCENT_COLOR_NAME = AccentColor;
				CODE_SIGN_STYLE = Automatic;
				DEVELOPMENT_ASSET_PATHS = "\"RickCardsMorty/Preview Content\"";
				DEVELOPMENT_TEAM = DL8VWTN77Q;
				ENABLE_PREVIEWS = YES;
				INFOPLIST_FILE = RickCardsMorty/Info.plist;
				IPHONEOS_DEPLOYMENT_TARGET = 14.0;
				LD_RUNPATH_SEARCH_PATHS = (
					"$(inherited)",
					"@executable_path/Frameworks",
				);
				PRODUCT_BUNDLE_IDENTIFIER = com.sennin.dev.RickCardsMorty.RickCardsMorty;
				PRODUCT_NAME = "$(TARGET_NAME)";
				SWIFT_VERSION = 5.0;
				TARGETED_DEVICE_FAMILY = 1;
			};
			name = Release;
		};
		57539F7126DD6E7500BFC63F /* Debug */ = {
			isa = XCBuildConfiguration;
			buildSettings = {
				ALWAYS_EMBED_SWIFT_STANDARD_LIBRARIES = YES;
				BUNDLE_LOADER = "$(TEST_HOST)";
				CODE_SIGN_STYLE = Automatic;
				DEVELOPMENT_TEAM = DL8VWTN77Q;
				INFOPLIST_FILE = RickCardsMortyTests/Info.plist;
				IPHONEOS_DEPLOYMENT_TARGET = 14.0;
				LD_RUNPATH_SEARCH_PATHS = (
					"$(inherited)",
					"@executable_path/Frameworks",
					"@loader_path/Frameworks",
				);
				PRODUCT_BUNDLE_IDENTIFIER = com.sennin.dev.RickCardsMorty.RickCardsMortyTests;
				PRODUCT_NAME = "$(TARGET_NAME)";
				SWIFT_VERSION = 5.0;
				TARGETED_DEVICE_FAMILY = "1,2";
				TEST_HOST = "$(BUILT_PRODUCTS_DIR)/RickCardsMorty.app/RickCardsMorty";
			};
			name = Debug;
		};
		57539F7226DD6E7500BFC63F /* Release */ = {
			isa = XCBuildConfiguration;
			buildSettings = {
				ALWAYS_EMBED_SWIFT_STANDARD_LIBRARIES = YES;
				BUNDLE_LOADER = "$(TEST_HOST)";
				CODE_SIGN_STYLE = Automatic;
				DEVELOPMENT_TEAM = DL8VWTN77Q;
				INFOPLIST_FILE = RickCardsMortyTests/Info.plist;
				IPHONEOS_DEPLOYMENT_TARGET = 14.0;
				LD_RUNPATH_SEARCH_PATHS = (
					"$(inherited)",
					"@executable_path/Frameworks",
					"@loader_path/Frameworks",
				);
				PRODUCT_BUNDLE_IDENTIFIER = com.sennin.dev.RickCardsMorty.RickCardsMortyTests;
				PRODUCT_NAME = "$(TARGET_NAME)";
				SWIFT_VERSION = 5.0;
				TARGETED_DEVICE_FAMILY = "1,2";
				TEST_HOST = "$(BUILT_PRODUCTS_DIR)/RickCardsMorty.app/RickCardsMorty";
			};
			name = Release;
		};
		57539F7426DD6E7500BFC63F /* Debug */ = {
			isa = XCBuildConfiguration;
			buildSettings = {
				ALWAYS_EMBED_SWIFT_STANDARD_LIBRARIES = YES;
				CODE_SIGN_STYLE = Automatic;
				DEVELOPMENT_TEAM = DL8VWTN77Q;
				INFOPLIST_FILE = RickCardsMortyUITests/Info.plist;
				LD_RUNPATH_SEARCH_PATHS = (
					"$(inherited)",
					"@executable_path/Frameworks",
					"@loader_path/Frameworks",
				);
				PRODUCT_BUNDLE_IDENTIFIER = com.sennin.dev.RickCardsMorty.RickCardsMortyUITests;
				PRODUCT_NAME = "$(TARGET_NAME)";
				SWIFT_VERSION = 5.0;
				TARGETED_DEVICE_FAMILY = "1,2";
				TEST_TARGET_NAME = RickCardsMorty;
			};
			name = Debug;
		};
		57539F7526DD6E7500BFC63F /* Release */ = {
			isa = XCBuildConfiguration;
			buildSettings = {
				ALWAYS_EMBED_SWIFT_STANDARD_LIBRARIES = YES;
				CODE_SIGN_STYLE = Automatic;
				DEVELOPMENT_TEAM = DL8VWTN77Q;
				INFOPLIST_FILE = RickCardsMortyUITests/Info.plist;
				LD_RUNPATH_SEARCH_PATHS = (
					"$(inherited)",
					"@executable_path/Frameworks",
					"@loader_path/Frameworks",
				);
				PRODUCT_BUNDLE_IDENTIFIER = com.sennin.dev.RickCardsMorty.RickCardsMortyUITests;
				PRODUCT_NAME = "$(TARGET_NAME)";
				SWIFT_VERSION = 5.0;
				TARGETED_DEVICE_FAMILY = "1,2";
				TEST_TARGET_NAME = RickCardsMorty;
			};
			name = Release;
		};
/* End XCBuildConfiguration section */

/* Begin XCConfigurationList section */
		57539F4326DD6E7300BFC63F /* Build configuration list for PBXProject "RickCardsMorty" */ = {
			isa = XCConfigurationList;
			buildConfigurations = (
				57539F6B26DD6E7500BFC63F /* Debug */,
				57539F6C26DD6E7500BFC63F /* Release */,
			);
			defaultConfigurationIsVisible = 0;
			defaultConfigurationName = Release;
		};
		57539F6D26DD6E7500BFC63F /* Build configuration list for PBXNativeTarget "RickCardsMorty" */ = {
			isa = XCConfigurationList;
			buildConfigurations = (
				57539F6E26DD6E7500BFC63F /* Debug */,
				57539F6F26DD6E7500BFC63F /* Release */,
			);
			defaultConfigurationIsVisible = 0;
			defaultConfigurationName = Release;
		};
		57539F7026DD6E7500BFC63F /* Build configuration list for PBXNativeTarget "RickCardsMortyTests" */ = {
			isa = XCConfigurationList;
			buildConfigurations = (
				57539F7126DD6E7500BFC63F /* Debug */,
				57539F7226DD6E7500BFC63F /* Release */,
			);
			defaultConfigurationIsVisible = 0;
			defaultConfigurationName = Release;
		};
		57539F7326DD6E7500BFC63F /* Build configuration list for PBXNativeTarget "RickCardsMortyUITests" */ = {
			isa = XCConfigurationList;
			buildConfigurations = (
				57539F7426DD6E7500BFC63F /* Debug */,
				57539F7526DD6E7500BFC63F /* Release */,
			);
			defaultConfigurationIsVisible = 0;
			defaultConfigurationName = Release;
		};
/* End XCConfigurationList section */

/* Begin XCRemoteSwiftPackageReference section */
		574A3F5F26FE7C5800FC47CF /* XCRemoteSwiftPackageReference "SwiftUIX" */ = {
			isa = XCRemoteSwiftPackageReference;
			repositoryURL = "https://github.com/SwiftUIX/SwiftUIX";
			requirement = {
				kind = exactVersion;
				version = 0.2.3;
			};
		};
		AFB16EB12CB46B5600C6E783 /* XCRemoteSwiftPackageReference "firebase-ios-sdk" */ = {
			isa = XCRemoteSwiftPackageReference;
			repositoryURL = "https://github.com/firebase/firebase-ios-sdk.git";
			requirement = {
				kind = exactVersion;
				version = 11.3.0;
			};
		};
		AFB16EB82CB46C6D00C6E783 /* XCRemoteSwiftPackageReference "GoogleSignIn-iOS" */ = {
			isa = XCRemoteSwiftPackageReference;
			repositoryURL = "https://github.com/google/GoogleSignIn-iOS";
			requirement = {
				kind = exactVersion;
				version = 8.0.0;
			};
		};
		AFE766AF2CB4977900D3394F /* XCRemoteSwiftPackageReference "swift-composable-architecture" */ = {
			isa = XCRemoteSwiftPackageReference;
			repositoryURL = "https://github.com/pointfreeco/swift-composable-architecture";
			requirement = {
				kind = exactVersion;
				version = 1.15.0;
			};
		};
		AFE766B22CB498F500D3394F /* XCRemoteSwiftPackageReference "SwiftLintPlugins" */ = {
			isa = XCRemoteSwiftPackageReference;
			repositoryURL = "https://github.com/SimplyDanny/SwiftLintPlugins";
			requirement = {
				kind = upToNextMajorVersion;
				minimumVersion = 0.57.0;
			};
		};
/* End XCRemoteSwiftPackageReference section */

/* Begin XCSwiftPackageProductDependency section */
		AF0043262CB4697D00817EDB /* SwiftUIX */ = {
			isa = XCSwiftPackageProductDependency;
			package = 574A3F5F26FE7C5800FC47CF /* XCRemoteSwiftPackageReference "SwiftUIX" */;
			productName = SwiftUIX;
		};
		AFB16EB22CB46B5600C6E783 /* FirebaseAuth */ = {
			isa = XCSwiftPackageProductDependency;
			package = AFB16EB12CB46B5600C6E783 /* XCRemoteSwiftPackageReference "firebase-ios-sdk" */;
			productName = FirebaseAuth;
		};
		AFB16EB42CB46B5600C6E783 /* FirebaseAuthCombine-Community */ = {
			isa = XCSwiftPackageProductDependency;
			package = AFB16EB12CB46B5600C6E783 /* XCRemoteSwiftPackageReference "firebase-ios-sdk" */;
			productName = "FirebaseAuthCombine-Community";
		};
		AFB16EB62CB46B5600C6E783 /* FirebaseCore */ = {
			isa = XCSwiftPackageProductDependency;
			package = AFB16EB12CB46B5600C6E783 /* XCRemoteSwiftPackageReference "firebase-ios-sdk" */;
			productName = FirebaseCore;
		};
		AFB16EBA2CB46CA400C6E783 /* GoogleSignIn */ = {
			isa = XCSwiftPackageProductDependency;
			package = AFB16EB82CB46C6D00C6E783 /* XCRemoteSwiftPackageReference "GoogleSignIn-iOS" */;
			productName = GoogleSignIn;
		};
		AFB16EBC2CB46CA400C6E783 /* GoogleSignInSwift */ = {
			isa = XCSwiftPackageProductDependency;
			package = AFB16EB82CB46C6D00C6E783 /* XCRemoteSwiftPackageReference "GoogleSignIn-iOS" */;
			productName = GoogleSignInSwift;
		};
		AFE766B02CB4977900D3394F /* ComposableArchitecture */ = {
			isa = XCSwiftPackageProductDependency;
			package = AFE766AF2CB4977900D3394F /* XCRemoteSwiftPackageReference "swift-composable-architecture" */;
			productName = ComposableArchitecture;
		};
		AFE766B62CB49E7A00D3394F /* SwiftLintBuildToolPlugin */ = {
			isa = XCSwiftPackageProductDependency;
			package = AFE766B22CB498F500D3394F /* XCRemoteSwiftPackageReference "SwiftLintPlugins" */;
			productName = "plugin:SwiftLintBuildToolPlugin";
		};
/* End XCSwiftPackageProductDependency section */
	};
	rootObject = 57539F4026DD6E7300BFC63F /* Project object */;
}
