{
  "object": {
    "pins": [
      {
        "package": "SwiftUIX",
        "repositoryURL": "https://github.com/SwiftUIX/SwiftUIX",
        "state": {
          "branch": null,
          "revision": "05f6b13abc47d6f605bc2c253c7cb7e54dfe7ff2",
          "version": "0.0.9"
        }
      }
    ]
  },
  "version": 1
}
